// !$*UTF8*$!
{
	archiveVersion = 1;
	classes = {
	};
	objectVersion = 46;
	objects = {

/* Begin PBXBuildFile section */
		063F30B81A3AE05B00A31AD6 /* main.cpp in Sources */ = {isa = PBXBuildFile; fileRef = 063F30B71A3AE05B00A31AD6 /* main.cpp */; };
		06E787001C103209009B0DFF /* libpugixml.a in Frameworks */ = {isa = PBXBuildFile; fileRef = 06E786FF1C103209009B0DFF /* libpugixml.a */; };
		06E7874D1C103724009B0DFF /* libgdbm.4.dylib in Frameworks */ = {isa = PBXBuildFile; fileRef = 06E787011C103724009B0DFF /* libgdbm.4.dylib */; };
		06E7874E1C103724009B0DFF /* libgdbm.a in Frameworks */ = {isa = PBXBuildFile; fileRef = 06E787021C103724009B0DFF /* libgdbm.a */; };
		06E7874F1C103724009B0DFF /* libgdbm.4.dylib in Frameworks */ = {isa = PBXBuildFile; fileRef = 06E787031C103724009B0DFF /* libgdbm.4.dylib */; };
		06E787501C103724009B0DFF /* libgmp.10.dylib in Frameworks */ = {isa = PBXBuildFile; fileRef = 06E787041C103724009B0DFF /* libgmp.10.dylib */; };
		06E787511C103724009B0DFF /* libgmp.a in Frameworks */ = {isa = PBXBuildFile; fileRef = 06E787051C103724009B0DFF /* libgmp.a */; };
		06E787521C103724009B0DFF /* libgmp.10.dylib in Frameworks */ = {isa = PBXBuildFile; fileRef = 06E787061C103724009B0DFF /* libgmp.10.dylib */; };
		06E787531C103724009B0DFF /* libgmpxx.4.dylib in Frameworks */ = {isa = PBXBuildFile; fileRef = 06E787071C103724009B0DFF /* libgmpxx.4.dylib */; };
		06E787541C103724009B0DFF /* libgmpxx.a in Frameworks */ = {isa = PBXBuildFile; fileRef = 06E787081C103724009B0DFF /* libgmpxx.a */; };
		06E787551C103724009B0DFF /* libgmpxx.4.dylib in Frameworks */ = {isa = PBXBuildFile; fileRef = 06E787091C103724009B0DFF /* libgmpxx.4.dylib */; };
		06E787561C103724009B0DFF /* libisl.13.dylib in Frameworks */ = {isa = PBXBuildFile; fileRef = 06E7870A1C103724009B0DFF /* libisl.13.dylib */; };
		06E787571C103724009B0DFF /* libisl.a in Frameworks */ = {isa = PBXBuildFile; fileRef = 06E7870B1C103724009B0DFF /* libisl.a */; };
		06E787581C103724009B0DFF /* libisl.13.dylib in Frameworks */ = {isa = PBXBuildFile; fileRef = 06E7870C1C103724009B0DFF /* libisl.13.dylib */; };
		06E787591C103724009B0DFF /* liblzma.5.dylib in Frameworks */ = {isa = PBXBuildFile; fileRef = 06E7870D1C103724009B0DFF /* liblzma.5.dylib */; };
		06E7875A1C103724009B0DFF /* liblzma.a in Frameworks */ = {isa = PBXBuildFile; fileRef = 06E7870E1C103724009B0DFF /* liblzma.a */; };
		06E7875B1C103724009B0DFF /* liblzma.5.dylib in Frameworks */ = {isa = PBXBuildFile; fileRef = 06E7870F1C103724009B0DFF /* liblzma.5.dylib */; };
		06E7875C1C103724009B0DFF /* libmpc.3.dylib in Frameworks */ = {isa = PBXBuildFile; fileRef = 06E787101C103724009B0DFF /* libmpc.3.dylib */; };
		06E7875D1C103724009B0DFF /* libmpc.a in Frameworks */ = {isa = PBXBuildFile; fileRef = 06E787111C103724009B0DFF /* libmpc.a */; };
		06E7875E1C103724009B0DFF /* libmpc.3.dylib in Frameworks */ = {isa = PBXBuildFile; fileRef = 06E787121C103724009B0DFF /* libmpc.3.dylib */; };
		06E7875F1C103724009B0DFF /* libmpfr.4.dylib in Frameworks */ = {isa = PBXBuildFile; fileRef = 06E787131C103724009B0DFF /* libmpfr.4.dylib */; };
		06E787601C103724009B0DFF /* libmpfr.a in Frameworks */ = {isa = PBXBuildFile; fileRef = 06E787141C103724009B0DFF /* libmpfr.a */; };
		06E787611C103724009B0DFF /* libmpfr.4.dylib in Frameworks */ = {isa = PBXBuildFile; fileRef = 06E787151C103724009B0DFF /* libmpfr.4.dylib */; };
		06E787621C103724009B0DFF /* libopencv_calib3d.2.4.11.dylib in Frameworks */ = {isa = PBXBuildFile; fileRef = 06E787161C103724009B0DFF /* libopencv_calib3d.2.4.11.dylib */; };
		06E787631C103724009B0DFF /* libopencv_calib3d.2.4.11.dylib in Frameworks */ = {isa = PBXBuildFile; fileRef = 06E787171C103724009B0DFF /* libopencv_calib3d.2.4.11.dylib */; };
		06E787641C103724009B0DFF /* libopencv_calib3d.2.4.11.dylib in Frameworks */ = {isa = PBXBuildFile; fileRef = 06E787181C103724009B0DFF /* libopencv_calib3d.2.4.11.dylib */; };
		06E787651C103724009B0DFF /* libopencv_contrib.2.4.11.dylib in Frameworks */ = {isa = PBXBuildFile; fileRef = 06E787191C103724009B0DFF /* libopencv_contrib.2.4.11.dylib */; };
		06E787661C103724009B0DFF /* libopencv_contrib.2.4.11.dylib in Frameworks */ = {isa = PBXBuildFile; fileRef = 06E7871A1C103724009B0DFF /* libopencv_contrib.2.4.11.dylib */; };
		06E787671C103724009B0DFF /* libopencv_contrib.2.4.11.dylib in Frameworks */ = {isa = PBXBuildFile; fileRef = 06E7871B1C103724009B0DFF /* libopencv_contrib.2.4.11.dylib */; };
		06E787681C103724009B0DFF /* libopencv_core.2.4.11.dylib in Frameworks */ = {isa = PBXBuildFile; fileRef = 06E7871C1C103724009B0DFF /* libopencv_core.2.4.11.dylib */; };
		06E787691C103724009B0DFF /* libopencv_core.2.4.11.dylib in Frameworks */ = {isa = PBXBuildFile; fileRef = 06E7871D1C103724009B0DFF /* libopencv_core.2.4.11.dylib */; };
		06E7876A1C103724009B0DFF /* libopencv_core.2.4.11.dylib in Frameworks */ = {isa = PBXBuildFile; fileRef = 06E7871E1C103724009B0DFF /* libopencv_core.2.4.11.dylib */; };
		06E7876B1C103724009B0DFF /* libopencv_features2d.2.4.11.dylib in Frameworks */ = {isa = PBXBuildFile; fileRef = 06E7871F1C103724009B0DFF /* libopencv_features2d.2.4.11.dylib */; };
		06E7876C1C103724009B0DFF /* libopencv_features2d.2.4.11.dylib in Frameworks */ = {isa = PBXBuildFile; fileRef = 06E787201C103724009B0DFF /* libopencv_features2d.2.4.11.dylib */; };
		06E7876D1C103724009B0DFF /* libopencv_features2d.2.4.11.dylib in Frameworks */ = {isa = PBXBuildFile; fileRef = 06E787211C103724009B0DFF /* libopencv_features2d.2.4.11.dylib */; };
		06E7876E1C103724009B0DFF /* libopencv_flann.2.4.11.dylib in Frameworks */ = {isa = PBXBuildFile; fileRef = 06E787221C103724009B0DFF /* libopencv_flann.2.4.11.dylib */; };
		06E7876F1C103724009B0DFF /* libopencv_flann.2.4.11.dylib in Frameworks */ = {isa = PBXBuildFile; fileRef = 06E787231C103724009B0DFF /* libopencv_flann.2.4.11.dylib */; };
		06E787701C103724009B0DFF /* libopencv_flann.2.4.11.dylib in Frameworks */ = {isa = PBXBuildFile; fileRef = 06E787241C103724009B0DFF /* libopencv_flann.2.4.11.dylib */; };
		06E787711C103724009B0DFF /* libopencv_gpu.2.4.11.dylib in Frameworks */ = {isa = PBXBuildFile; fileRef = 06E787251C103724009B0DFF /* libopencv_gpu.2.4.11.dylib */; };
		06E787721C103724009B0DFF /* libopencv_gpu.2.4.11.dylib in Frameworks */ = {isa = PBXBuildFile; fileRef = 06E787261C103724009B0DFF /* libopencv_gpu.2.4.11.dylib */; };
		06E787731C103724009B0DFF /* libopencv_gpu.2.4.11.dylib in Frameworks */ = {isa = PBXBuildFile; fileRef = 06E787271C103724009B0DFF /* libopencv_gpu.2.4.11.dylib */; };
		06E787741C103724009B0DFF /* libopencv_highgui.2.4.11.dylib in Frameworks */ = {isa = PBXBuildFile; fileRef = 06E787281C103724009B0DFF /* libopencv_highgui.2.4.11.dylib */; };
		06E787751C103724009B0DFF /* libopencv_highgui.2.4.11.dylib in Frameworks */ = {isa = PBXBuildFile; fileRef = 06E787291C103724009B0DFF /* libopencv_highgui.2.4.11.dylib */; };
		06E787761C103724009B0DFF /* libopencv_highgui.2.4.11.dylib in Frameworks */ = {isa = PBXBuildFile; fileRef = 06E7872A1C103724009B0DFF /* libopencv_highgui.2.4.11.dylib */; };
		06E787771C103724009B0DFF /* libopencv_imgproc.2.4.11.dylib in Frameworks */ = {isa = PBXBuildFile; fileRef = 06E7872B1C103724009B0DFF /* libopencv_imgproc.2.4.11.dylib */; };
		06E787781C103724009B0DFF /* libopencv_imgproc.2.4.11.dylib in Frameworks */ = {isa = PBXBuildFile; fileRef = 06E7872C1C103724009B0DFF /* libopencv_imgproc.2.4.11.dylib */; };
		06E787791C103724009B0DFF /* libopencv_imgproc.2.4.11.dylib in Frameworks */ = {isa = PBXBuildFile; fileRef = 06E7872D1C103724009B0DFF /* libopencv_imgproc.2.4.11.dylib */; };
		06E7877A1C103724009B0DFF /* libopencv_legacy.2.4.11.dylib in Frameworks */ = {isa = PBXBuildFile; fileRef = 06E7872E1C103724009B0DFF /* libopencv_legacy.2.4.11.dylib */; };
		06E7877B1C103724009B0DFF /* libopencv_legacy.2.4.11.dylib in Frameworks */ = {isa = PBXBuildFile; fileRef = 06E7872F1C103724009B0DFF /* libopencv_legacy.2.4.11.dylib */; };
		06E7877C1C103724009B0DFF /* libopencv_legacy.2.4.11.dylib in Frameworks */ = {isa = PBXBuildFile; fileRef = 06E787301C103724009B0DFF /* libopencv_legacy.2.4.11.dylib */; };
		06E7877D1C103724009B0DFF /* libopencv_ml.2.4.11.dylib in Frameworks */ = {isa = PBXBuildFile; fileRef = 06E787311C103724009B0DFF /* libopencv_ml.2.4.11.dylib */; };
		06E7877E1C103724009B0DFF /* libopencv_ml.2.4.11.dylib in Frameworks */ = {isa = PBXBuildFile; fileRef = 06E787321C103724009B0DFF /* libopencv_ml.2.4.11.dylib */; };
		06E7877F1C103724009B0DFF /* libopencv_ml.2.4.11.dylib in Frameworks */ = {isa = PBXBuildFile; fileRef = 06E787331C103724009B0DFF /* libopencv_ml.2.4.11.dylib */; };
		06E787801C103724009B0DFF /* libopencv_nonfree.2.4.11.dylib in Frameworks */ = {isa = PBXBuildFile; fileRef = 06E787341C103724009B0DFF /* libopencv_nonfree.2.4.11.dylib */; };
		06E787811C103724009B0DFF /* libopencv_nonfree.2.4.11.dylib in Frameworks */ = {isa = PBXBuildFile; fileRef = 06E787351C103724009B0DFF /* libopencv_nonfree.2.4.11.dylib */; };
		06E787821C103724009B0DFF /* libopencv_nonfree.2.4.11.dylib in Frameworks */ = {isa = PBXBuildFile; fileRef = 06E787361C103724009B0DFF /* libopencv_nonfree.2.4.11.dylib */; };
		06E787831C103724009B0DFF /* libopencv_objdetect.2.4.11.dylib in Frameworks */ = {isa = PBXBuildFile; fileRef = 06E787371C103724009B0DFF /* libopencv_objdetect.2.4.11.dylib */; };
		06E787841C103724009B0DFF /* libopencv_objdetect.2.4.11.dylib in Frameworks */ = {isa = PBXBuildFile; fileRef = 06E787381C103724009B0DFF /* libopencv_objdetect.2.4.11.dylib */; };
		06E787851C103724009B0DFF /* libopencv_objdetect.2.4.11.dylib in Frameworks */ = {isa = PBXBuildFile; fileRef = 06E787391C103724009B0DFF /* libopencv_objdetect.2.4.11.dylib */; };
		06E787861C103724009B0DFF /* libopencv_ocl.2.4.11.dylib in Frameworks */ = {isa = PBXBuildFile; fileRef = 06E7873A1C103724009B0DFF /* libopencv_ocl.2.4.11.dylib */; };
		06E787871C103724009B0DFF /* libopencv_ocl.2.4.11.dylib in Frameworks */ = {isa = PBXBuildFile; fileRef = 06E7873B1C103724009B0DFF /* libopencv_ocl.2.4.11.dylib */; };
		06E787881C103724009B0DFF /* libopencv_ocl.2.4.11.dylib in Frameworks */ = {isa = PBXBuildFile; fileRef = 06E7873C1C103724009B0DFF /* libopencv_ocl.2.4.11.dylib */; };
		06E787891C103724009B0DFF /* libopencv_photo.2.4.11.dylib in Frameworks */ = {isa = PBXBuildFile; fileRef = 06E7873D1C103724009B0DFF /* libopencv_photo.2.4.11.dylib */; };
		06E7878A1C103724009B0DFF /* libopencv_photo.2.4.11.dylib in Frameworks */ = {isa = PBXBuildFile; fileRef = 06E7873E1C103724009B0DFF /* libopencv_photo.2.4.11.dylib */; };
		06E7878B1C103724009B0DFF /* libopencv_photo.2.4.11.dylib in Frameworks */ = {isa = PBXBuildFile; fileRef = 06E7873F1C103724009B0DFF /* libopencv_photo.2.4.11.dylib */; };
		06E7878C1C103724009B0DFF /* libopencv_stitching.2.4.11.dylib in Frameworks */ = {isa = PBXBuildFile; fileRef = 06E787401C103724009B0DFF /* libopencv_stitching.2.4.11.dylib */; };
		06E7878D1C103724009B0DFF /* libopencv_stitching.2.4.11.dylib in Frameworks */ = {isa = PBXBuildFile; fileRef = 06E787411C103724009B0DFF /* libopencv_stitching.2.4.11.dylib */; };
		06E7878E1C103724009B0DFF /* libopencv_stitching.2.4.11.dylib in Frameworks */ = {isa = PBXBuildFile; fileRef = 06E787421C103724009B0DFF /* libopencv_stitching.2.4.11.dylib */; };
		06E7878F1C103724009B0DFF /* libopencv_superres.2.4.11.dylib in Frameworks */ = {isa = PBXBuildFile; fileRef = 06E787431C103724009B0DFF /* libopencv_superres.2.4.11.dylib */; };
		06E787901C103724009B0DFF /* libopencv_superres.2.4.11.dylib in Frameworks */ = {isa = PBXBuildFile; fileRef = 06E787441C103724009B0DFF /* libopencv_superres.2.4.11.dylib */; };
		06E787911C103724009B0DFF /* libopencv_superres.2.4.11.dylib in Frameworks */ = {isa = PBXBuildFile; fileRef = 06E787451C103724009B0DFF /* libopencv_superres.2.4.11.dylib */; };
		06E787921C103724009B0DFF /* libopencv_ts.a in Frameworks */ = {isa = PBXBuildFile; fileRef = 06E787461C103724009B0DFF /* libopencv_ts.a */; };
		06E787931C103724009B0DFF /* libopencv_video.2.4.11.dylib in Frameworks */ = {isa = PBXBuildFile; fileRef = 06E787471C103724009B0DFF /* libopencv_video.2.4.11.dylib */; };
		06E787941C103724009B0DFF /* libopencv_video.2.4.11.dylib in Frameworks */ = {isa = PBXBuildFile; fileRef = 06E787481C103724009B0DFF /* libopencv_video.2.4.11.dylib */; };
		06E787951C103724009B0DFF /* libopencv_video.2.4.11.dylib in Frameworks */ = {isa = PBXBuildFile; fileRef = 06E787491C103724009B0DFF /* libopencv_video.2.4.11.dylib */; };
		06E787961C103724009B0DFF /* libopencv_videostab.2.4.11.dylib in Frameworks */ = {isa = PBXBuildFile; fileRef = 06E7874A1C103724009B0DFF /* libopencv_videostab.2.4.11.dylib */; };
		06E787971C103724009B0DFF /* libopencv_videostab.2.4.11.dylib in Frameworks */ = {isa = PBXBuildFile; fileRef = 06E7874B1C103724009B0DFF /* libopencv_videostab.2.4.11.dylib */; };
		06E787981C103724009B0DFF /* libopencv_videostab.2.4.11.dylib in Frameworks */ = {isa = PBXBuildFile; fileRef = 06E7874C1C103724009B0DFF /* libopencv_videostab.2.4.11.dylib */; };
/* End PBXBuildFile section */

/* Begin PBXCopyFilesBuildPhase section */
		063F30B21A3AE05B00A31AD6 /* CopyFiles */ = {
			isa = PBXCopyFilesBuildPhase;
			buildActionMask = 2147483647;
			dstPath = /usr/share/man/man1/;
			dstSubfolderSpec = 0;
			files = (
			);
			runOnlyForDeploymentPostprocessing = 1;
		};
/* End PBXCopyFilesBuildPhase section */

/* Begin PBXFileReference section */
		063F30B41A3AE05B00A31AD6 /* Playground */ = {isa = PBXFileReference; explicitFileType = "compiled.mach-o.executable"; includeInIndex = 0; path = Playground; sourceTree = BUILT_PRODUCTS_DIR; };
		063F30B71A3AE05B00A31AD6 /* main.cpp */ = {isa = PBXFileReference; lastKnownFileType = sourcecode.cpp.cpp; path = main.cpp; sourceTree = "<group>"; };
		06E786FF1C103209009B0DFF /* libpugixml.a */ = {isa = PBXFileReference; lastKnownFileType = archive.ar; name = libpugixml.a; path = ../../../../../../usr/local/Cellar/pugixml/1.6/lib/libpugixml.a; sourceTree = "<group>"; };
		06E787011C103724009B0DFF /* libgdbm.4.dylib */ = {isa = PBXFileReference; lastKnownFileType = "compiled.mach-o.dylib"; name = libgdbm.4.dylib; path = ../../../../../../usr/local/Cellar/gdbm/1.11/lib/libgdbm.4.dylib; sourceTree = "<group>"; };
		06E787021C103724009B0DFF /* libgdbm.a */ = {isa = PBXFileReference; lastKnownFileType = archive.ar; name = libgdbm.a; path = ../../../../../../usr/local/Cellar/gdbm/1.11/lib/libgdbm.a; sourceTree = "<group>"; };
		06E787031C103724009B0DFF /* libgdbm.4.dylib */ = {isa = PBXFileReference; lastKnownFileType = "compiled.mach-o.dylib"; name = libgdbm.4.dylib; path = ../../../../../../usr/local/Cellar/gdbm/1.11/lib/libgdbm.4.dylib; sourceTree = "<group>"; };
		06E787041C103724009B0DFF /* libgmp.10.dylib */ = {isa = PBXFileReference; lastKnownFileType = "compiled.mach-o.dylib"; name = libgmp.10.dylib; path = ../../../../../../usr/local/Cellar/gmp/6.1.0/lib/libgmp.10.dylib; sourceTree = "<group>"; };
		06E787051C103724009B0DFF /* libgmp.a */ = {isa = PBXFileReference; lastKnownFileType = archive.ar; name = libgmp.a; path = ../../../../../../usr/local/Cellar/gmp/6.1.0/lib/libgmp.a; sourceTree = "<group>"; };
		06E787061C103724009B0DFF /* libgmp.10.dylib */ = {isa = PBXFileReference; lastKnownFileType = "compiled.mach-o.dylib"; name = libgmp.10.dylib; path = ../../../../../../usr/local/Cellar/gmp/6.1.0/lib/libgmp.10.dylib; sourceTree = "<group>"; };
		06E787071C103724009B0DFF /* libgmpxx.4.dylib */ = {isa = PBXFileReference; lastKnownFileType = "compiled.mach-o.dylib"; name = libgmpxx.4.dylib; path = ../../../../../../usr/local/Cellar/gmp/6.1.0/lib/libgmpxx.4.dylib; sourceTree = "<group>"; };
		06E787081C103724009B0DFF /* libgmpxx.a */ = {isa = PBXFileReference; lastKnownFileType = archive.ar; name = libgmpxx.a; path = ../../../../../../usr/local/Cellar/gmp/6.1.0/lib/libgmpxx.a; sourceTree = "<group>"; };
		06E787091C103724009B0DFF /* libgmpxx.4.dylib */ = {isa = PBXFileReference; lastKnownFileType = "compiled.mach-o.dylib"; name = libgmpxx.4.dylib; path = ../../../../../../usr/local/Cellar/gmp/6.1.0/lib/libgmpxx.4.dylib; sourceTree = "<group>"; };
		06E7870A1C103724009B0DFF /* libisl.13.dylib */ = {isa = PBXFileReference; lastKnownFileType = "compiled.mach-o.dylib"; name = libisl.13.dylib; path = ../../../../../../usr/local/Cellar/isl/0.14.1/lib/libisl.13.dylib; sourceTree = "<group>"; };
		06E7870B1C103724009B0DFF /* libisl.a */ = {isa = PBXFileReference; lastKnownFileType = archive.ar; name = libisl.a; path = ../../../../../../usr/local/Cellar/isl/0.14.1/lib/libisl.a; sourceTree = "<group>"; };
		06E7870C1C103724009B0DFF /* libisl.13.dylib */ = {isa = PBXFileReference; lastKnownFileType = "compiled.mach-o.dylib"; name = libisl.13.dylib; path = ../../../../../../usr/local/Cellar/isl/0.14.1/lib/libisl.13.dylib; sourceTree = "<group>"; };
		06E7870D1C103724009B0DFF /* liblzma.5.dylib */ = {isa = PBXFileReference; lastKnownFileType = "compiled.mach-o.dylib"; name = liblzma.5.dylib; path = ../../../../../../usr/local/Cellar/xz/5.2.2/lib/liblzma.5.dylib; sourceTree = "<group>"; };
		06E7870E1C103724009B0DFF /* liblzma.a */ = {isa = PBXFileReference; lastKnownFileType = archive.ar; name = liblzma.a; path = ../../../../../../usr/local/Cellar/xz/5.2.2/lib/liblzma.a; sourceTree = "<group>"; };
		06E7870F1C103724009B0DFF /* liblzma.5.dylib */ = {isa = PBXFileReference; lastKnownFileType = "compiled.mach-o.dylib"; name = liblzma.5.dylib; path = ../../../../../../usr/local/Cellar/xz/5.2.2/lib/liblzma.5.dylib; sourceTree = "<group>"; };
		06E787101C103724009B0DFF /* libmpc.3.dylib */ = {isa = PBXFileReference; lastKnownFileType = "compiled.mach-o.dylib"; name = libmpc.3.dylib; path = ../../../../../../usr/local/Cellar/libmpc/1.0.3/lib/libmpc.3.dylib; sourceTree = "<group>"; };
		06E787111C103724009B0DFF /* libmpc.a */ = {isa = PBXFileReference; lastKnownFileType = archive.ar; name = libmpc.a; path = ../../../../../../usr/local/Cellar/libmpc/1.0.3/lib/libmpc.a; sourceTree = "<group>"; };
		06E787121C103724009B0DFF /* libmpc.3.dylib */ = {isa = PBXFileReference; lastKnownFileType = "compiled.mach-o.dylib"; name = libmpc.3.dylib; path = ../../../../../../usr/local/Cellar/libmpc/1.0.3/lib/libmpc.3.dylib; sourceTree = "<group>"; };
		06E787131C103724009B0DFF /* libmpfr.4.dylib */ = {isa = PBXFileReference; lastKnownFileType = "compiled.mach-o.dylib"; name = libmpfr.4.dylib; path = ../../../../../../usr/local/Cellar/mpfr/3.1.3/lib/libmpfr.4.dylib; sourceTree = "<group>"; };
		06E787141C103724009B0DFF /* libmpfr.a */ = {isa = PBXFileReference; lastKnownFileType = archive.ar; name = libmpfr.a; path = ../../../../../../usr/local/Cellar/mpfr/3.1.3/lib/libmpfr.a; sourceTree = "<group>"; };
		06E787151C103724009B0DFF /* libmpfr.4.dylib */ = {isa = PBXFileReference; lastKnownFileType = "compiled.mach-o.dylib"; name = libmpfr.4.dylib; path = ../../../../../../usr/local/Cellar/mpfr/3.1.3/lib/libmpfr.4.dylib; sourceTree = "<group>"; };
		06E787161C103724009B0DFF /* libopencv_calib3d.2.4.11.dylib */ = {isa = PBXFileReference; lastKnownFileType = "compiled.mach-o.dylib"; name = libopencv_calib3d.2.4.11.dylib; path = ../../../../../../usr/local/lib/libopencv_calib3d.2.4.11.dylib; sourceTree = "<group>"; };
		06E787171C103724009B0DFF /* libopencv_calib3d.2.4.11.dylib */ = {isa = PBXFileReference; lastKnownFileType = "compiled.mach-o.dylib"; name = libopencv_calib3d.2.4.11.dylib; path = ../../../../../../usr/local/lib/libopencv_calib3d.2.4.11.dylib; sourceTree = "<group>"; };
		06E787181C103724009B0DFF /* libopencv_calib3d.2.4.11.dylib */ = {isa = PBXFileReference; lastKnownFileType = "compiled.mach-o.dylib"; name = libopencv_calib3d.2.4.11.dylib; path = ../../../../../../usr/local/lib/libopencv_calib3d.2.4.11.dylib; sourceTree = "<group>"; };
		06E787191C103724009B0DFF /* libopencv_contrib.2.4.11.dylib */ = {isa = PBXFileReference; lastKnownFileType = "compiled.mach-o.dylib"; name = libopencv_contrib.2.4.11.dylib; path = ../../../../../../usr/local/lib/libopencv_contrib.2.4.11.dylib; sourceTree = "<group>"; };
		06E7871A1C103724009B0DFF /* libopencv_contrib.2.4.11.dylib */ = {isa = PBXFileReference; lastKnownFileType = "compiled.mach-o.dylib"; name = libopencv_contrib.2.4.11.dylib; path = ../../../../../../usr/local/lib/libopencv_contrib.2.4.11.dylib; sourceTree = "<group>"; };
		06E7871B1C103724009B0DFF /* libopencv_contrib.2.4.11.dylib */ = {isa = PBXFileReference; lastKnownFileType = "compiled.mach-o.dylib"; name = libopencv_contrib.2.4.11.dylib; path = ../../../../../../usr/local/lib/libopencv_contrib.2.4.11.dylib; sourceTree = "<group>"; };
		06E7871C1C103724009B0DFF /* libopencv_core.2.4.11.dylib */ = {isa = PBXFileReference; lastKnownFileType = "compiled.mach-o.dylib"; name = libopencv_core.2.4.11.dylib; path = ../../../../../../usr/local/lib/libopencv_core.2.4.11.dylib; sourceTree = "<group>"; };
		06E7871D1C103724009B0DFF /* libopencv_core.2.4.11.dylib */ = {isa = PBXFileReference; lastKnownFileType = "compiled.mach-o.dylib"; name = libopencv_core.2.4.11.dylib; path = ../../../../../../usr/local/lib/libopencv_core.2.4.11.dylib; sourceTree = "<group>"; };
		06E7871E1C103724009B0DFF /* libopencv_core.2.4.11.dylib */ = {isa = PBXFileReference; lastKnownFileType = "compiled.mach-o.dylib"; name = libopencv_core.2.4.11.dylib; path = ../../../../../../usr/local/lib/libopencv_core.2.4.11.dylib; sourceTree = "<group>"; };
		06E7871F1C103724009B0DFF /* libopencv_features2d.2.4.11.dylib */ = {isa = PBXFileReference; lastKnownFileType = "compiled.mach-o.dylib"; name = libopencv_features2d.2.4.11.dylib; path = ../../../../../../usr/local/lib/libopencv_features2d.2.4.11.dylib; sourceTree = "<group>"; };
		06E787201C103724009B0DFF /* libopencv_features2d.2.4.11.dylib */ = {isa = PBXFileReference; lastKnownFileType = "compiled.mach-o.dylib"; name = libopencv_features2d.2.4.11.dylib; path = ../../../../../../usr/local/lib/libopencv_features2d.2.4.11.dylib; sourceTree = "<group>"; };
		06E787211C103724009B0DFF /* libopencv_features2d.2.4.11.dylib */ = {isa = PBXFileReference; lastKnownFileType = "compiled.mach-o.dylib"; name = libopencv_features2d.2.4.11.dylib; path = ../../../../../../usr/local/lib/libopencv_features2d.2.4.11.dylib; sourceTree = "<group>"; };
		06E787221C103724009B0DFF /* libopencv_flann.2.4.11.dylib */ = {isa = PBXFileReference; lastKnownFileType = "compiled.mach-o.dylib"; name = libopencv_flann.2.4.11.dylib; path = ../../../../../../usr/local/lib/libopencv_flann.2.4.11.dylib; sourceTree = "<group>"; };
		06E787231C103724009B0DFF /* libopencv_flann.2.4.11.dylib */ = {isa = PBXFileReference; lastKnownFileType = "compiled.mach-o.dylib"; name = libopencv_flann.2.4.11.dylib; path = ../../../../../../usr/local/lib/libopencv_flann.2.4.11.dylib; sourceTree = "<group>"; };
		06E787241C103724009B0DFF /* libopencv_flann.2.4.11.dylib */ = {isa = PBXFileReference; lastKnownFileType = "compiled.mach-o.dylib"; name = libopencv_flann.2.4.11.dylib; path = ../../../../../../usr/local/lib/libopencv_flann.2.4.11.dylib; sourceTree = "<group>"; };
		06E787251C103724009B0DFF /* libopencv_gpu.2.4.11.dylib */ = {isa = PBXFileReference; lastKnownFileType = "compiled.mach-o.dylib"; name = libopencv_gpu.2.4.11.dylib; path = ../../../../../../usr/local/lib/libopencv_gpu.2.4.11.dylib; sourceTree = "<group>"; };
		06E787261C103724009B0DFF /* libopencv_gpu.2.4.11.dylib */ = {isa = PBXFileReference; lastKnownFileType = "compiled.mach-o.dylib"; name = libopencv_gpu.2.4.11.dylib; path = ../../../../../../usr/local/lib/libopencv_gpu.2.4.11.dylib; sourceTree = "<group>"; };
		06E787271C103724009B0DFF /* libopencv_gpu.2.4.11.dylib */ = {isa = PBXFileReference; lastKnownFileType = "compiled.mach-o.dylib"; name = libopencv_gpu.2.4.11.dylib; path = ../../../../../../usr/local/lib/libopencv_gpu.2.4.11.dylib; sourceTree = "<group>"; };
		06E787281C103724009B0DFF /* libopencv_highgui.2.4.11.dylib */ = {isa = PBXFileReference; lastKnownFileType = "compiled.mach-o.dylib"; name = libopencv_highgui.2.4.11.dylib; path = ../../../../../../usr/local/lib/libopencv_highgui.2.4.11.dylib; sourceTree = "<group>"; };
		06E787291C103724009B0DFF /* libopencv_highgui.2.4.11.dylib */ = {isa = PBXFileReference; lastKnownFileType = "compiled.mach-o.dylib"; name = libopencv_highgui.2.4.11.dylib; path = ../../../../../../usr/local/lib/libopencv_highgui.2.4.11.dylib; sourceTree = "<group>"; };
		06E7872A1C103724009B0DFF /* libopencv_highgui.2.4.11.dylib */ = {isa = PBXFileReference; lastKnownFileType = "compiled.mach-o.dylib"; name = libopencv_highgui.2.4.11.dylib; path = ../../../../../../usr/local/lib/libopencv_highgui.2.4.11.dylib; sourceTree = "<group>"; };
		06E7872B1C103724009B0DFF /* libopencv_imgproc.2.4.11.dylib */ = {isa = PBXFileReference; lastKnownFileType = "compiled.mach-o.dylib"; name = libopencv_imgproc.2.4.11.dylib; path = ../../../../../../usr/local/lib/libopencv_imgproc.2.4.11.dylib; sourceTree = "<group>"; };
		06E7872C1C103724009B0DFF /* libopencv_imgproc.2.4.11.dylib */ = {isa = PBXFileReference; lastKnownFileType = "compiled.mach-o.dylib"; name = libopencv_imgproc.2.4.11.dylib; path = ../../../../../../usr/local/lib/libopencv_imgproc.2.4.11.dylib; sourceTree = "<group>"; };
		06E7872D1C103724009B0DFF /* libopencv_imgproc.2.4.11.dylib */ = {isa = PBXFileReference; lastKnownFileType = "compiled.mach-o.dylib"; name = libopencv_imgproc.2.4.11.dylib; path = ../../../../../../usr/local/lib/libopencv_imgproc.2.4.11.dylib; sourceTree = "<group>"; };
		06E7872E1C103724009B0DFF /* libopencv_legacy.2.4.11.dylib */ = {isa = PBXFileReference; lastKnownFileType = "compiled.mach-o.dylib"; name = libopencv_legacy.2.4.11.dylib; path = ../../../../../../usr/local/lib/libopencv_legacy.2.4.11.dylib; sourceTree = "<group>"; };
		06E7872F1C103724009B0DFF /* libopencv_legacy.2.4.11.dylib */ = {isa = PBXFileReference; lastKnownFileType = "compiled.mach-o.dylib"; name = libopencv_legacy.2.4.11.dylib; path = ../../../../../../usr/local/lib/libopencv_legacy.2.4.11.dylib; sourceTree = "<group>"; };
		06E787301C103724009B0DFF /* libopencv_legacy.2.4.11.dylib */ = {isa = PBXFileReference; lastKnownFileType = "compiled.mach-o.dylib"; name = libopencv_legacy.2.4.11.dylib; path = ../../../../../../usr/local/lib/libopencv_legacy.2.4.11.dylib; sourceTree = "<group>"; };
		06E787311C103724009B0DFF /* libopencv_ml.2.4.11.dylib */ = {isa = PBXFileReference; lastKnownFileType = "compiled.mach-o.dylib"; name = libopencv_ml.2.4.11.dylib; path = ../../../../../../usr/local/lib/libopencv_ml.2.4.11.dylib; sourceTree = "<group>"; };
		06E787321C103724009B0DFF /* libopencv_ml.2.4.11.dylib */ = {isa = PBXFileReference; lastKnownFileType = "compiled.mach-o.dylib"; name = libopencv_ml.2.4.11.dylib; path = ../../../../../../usr/local/lib/libopencv_ml.2.4.11.dylib; sourceTree = "<group>"; };
		06E787331C103724009B0DFF /* libopencv_ml.2.4.11.dylib */ = {isa = PBXFileReference; lastKnownFileType = "compiled.mach-o.dylib"; name = libopencv_ml.2.4.11.dylib; path = ../../../../../../usr/local/lib/libopencv_ml.2.4.11.dylib; sourceTree = "<group>"; };
		06E787341C103724009B0DFF /* libopencv_nonfree.2.4.11.dylib */ = {isa = PBXFileReference; lastKnownFileType = "compiled.mach-o.dylib"; name = libopencv_nonfree.2.4.11.dylib; path = ../../../../../../usr/local/lib/libopencv_nonfree.2.4.11.dylib; sourceTree = "<group>"; };
		06E787351C103724009B0DFF /* libopencv_nonfree.2.4.11.dylib */ = {isa = PBXFileReference; lastKnownFileType = "compiled.mach-o.dylib"; name = libopencv_nonfree.2.4.11.dylib; path = ../../../../../../usr/local/lib/libopencv_nonfree.2.4.11.dylib; sourceTree = "<group>"; };
		06E787361C103724009B0DFF /* libopencv_nonfree.2.4.11.dylib */ = {isa = PBXFileReference; lastKnownFileType = "compiled.mach-o.dylib"; name = libopencv_nonfree.2.4.11.dylib; path = ../../../../../../usr/local/lib/libopencv_nonfree.2.4.11.dylib; sourceTree = "<group>"; };
		06E787371C103724009B0DFF /* libopencv_objdetect.2.4.11.dylib */ = {isa = PBXFileReference; lastKnownFileType = "compiled.mach-o.dylib"; name = libopencv_objdetect.2.4.11.dylib; path = ../../../../../../usr/local/lib/libopencv_objdetect.2.4.11.dylib; sourceTree = "<group>"; };
		06E787381C103724009B0DFF /* libopencv_objdetect.2.4.11.dylib */ = {isa = PBXFileReference; lastKnownFileType = "compiled.mach-o.dylib"; name = libopencv_objdetect.2.4.11.dylib; path = ../../../../../../usr/local/lib/libopencv_objdetect.2.4.11.dylib; sourceTree = "<group>"; };
		06E787391C103724009B0DFF /* libopencv_objdetect.2.4.11.dylib */ = {isa = PBXFileReference; lastKnownFileType = "compiled.mach-o.dylib"; name = libopencv_objdetect.2.4.11.dylib; path = ../../../../../../usr/local/lib/libopencv_objdetect.2.4.11.dylib; sourceTree = "<group>"; };
		06E7873A1C103724009B0DFF /* libopencv_ocl.2.4.11.dylib */ = {isa = PBXFileReference; lastKnownFileType = "compiled.mach-o.dylib"; name = libopencv_ocl.2.4.11.dylib; path = ../../../../../../usr/local/lib/libopencv_ocl.2.4.11.dylib; sourceTree = "<group>"; };
		06E7873B1C103724009B0DFF /* libopencv_ocl.2.4.11.dylib */ = {isa = PBXFileReference; lastKnownFileType = "compiled.mach-o.dylib"; name = libopencv_ocl.2.4.11.dylib; path = ../../../../../../usr/local/lib/libopencv_ocl.2.4.11.dylib; sourceTree = "<group>"; };
		06E7873C1C103724009B0DFF /* libopencv_ocl.2.4.11.dylib */ = {isa = PBXFileReference; lastKnownFileType = "compiled.mach-o.dylib"; name = libopencv_ocl.2.4.11.dylib; path = ../../../../../../usr/local/lib/libopencv_ocl.2.4.11.dylib; sourceTree = "<group>"; };
		06E7873D1C103724009B0DFF /* libopencv_photo.2.4.11.dylib */ = {isa = PBXFileReference; lastKnownFileType = "compiled.mach-o.dylib"; name = libopencv_photo.2.4.11.dylib; path = ../../../../../../usr/local/lib/libopencv_photo.2.4.11.dylib; sourceTree = "<group>"; };
		06E7873E1C103724009B0DFF /* libopencv_photo.2.4.11.dylib */ = {isa = PBXFileReference; lastKnownFileType = "compiled.mach-o.dylib"; name = libopencv_photo.2.4.11.dylib; path = ../../../../../../usr/local/lib/libopencv_photo.2.4.11.dylib; sourceTree = "<group>"; };
		06E7873F1C103724009B0DFF /* libopencv_photo.2.4.11.dylib */ = {isa = PBXFileReference; lastKnownFileType = "compiled.mach-o.dylib"; name = libopencv_photo.2.4.11.dylib; path = ../../../../../../usr/local/lib/libopencv_photo.2.4.11.dylib; sourceTree = "<group>"; };
		06E787401C103724009B0DFF /* libopencv_stitching.2.4.11.dylib */ = {isa = PBXFileReference; lastKnownFileType = "compiled.mach-o.dylib"; name = libopencv_stitching.2.4.11.dylib; path = ../../../../../../usr/local/lib/libopencv_stitching.2.4.11.dylib; sourceTree = "<group>"; };
		06E787411C103724009B0DFF /* libopencv_stitching.2.4.11.dylib */ = {isa = PBXFileReference; lastKnownFileType = "compiled.mach-o.dylib"; name = libopencv_stitching.2.4.11.dylib; path = ../../../../../../usr/local/lib/libopencv_stitching.2.4.11.dylib; sourceTree = "<group>"; };
		06E787421C103724009B0DFF /* libopencv_stitching.2.4.11.dylib */ = {isa = PBXFileReference; lastKnownFileType = "compiled.mach-o.dylib"; name = libopencv_stitching.2.4.11.dylib; path = ../../../../../../usr/local/lib/libopencv_stitching.2.4.11.dylib; sourceTree = "<group>"; };
		06E787431C103724009B0DFF /* libopencv_superres.2.4.11.dylib */ = {isa = PBXFileReference; lastKnownFileType = "compiled.mach-o.dylib"; name = libopencv_superres.2.4.11.dylib; path = ../../../../../../usr/local/lib/libopencv_superres.2.4.11.dylib; sourceTree = "<group>"; };
		06E787441C103724009B0DFF /* libopencv_superres.2.4.11.dylib */ = {isa = PBXFileReference; lastKnownFileType = "compiled.mach-o.dylib"; name = libopencv_superres.2.4.11.dylib; path = ../../../../../../usr/local/lib/libopencv_superres.2.4.11.dylib; sourceTree = "<group>"; };
		06E787451C103724009B0DFF /* libopencv_superres.2.4.11.dylib */ = {isa = PBXFileReference; lastKnownFileType = "compiled.mach-o.dylib"; name = libopencv_superres.2.4.11.dylib; path = ../../../../../../usr/local/lib/libopencv_superres.2.4.11.dylib; sourceTree = "<group>"; };
		06E787461C103724009B0DFF /* libopencv_ts.a */ = {isa = PBXFileReference; lastKnownFileType = archive.ar; name = libopencv_ts.a; path = ../../../../../../usr/local/lib/libopencv_ts.a; sourceTree = "<group>"; };
		06E787471C103724009B0DFF /* libopencv_video.2.4.11.dylib */ = {isa = PBXFileReference; lastKnownFileType = "compiled.mach-o.dylib"; name = libopencv_video.2.4.11.dylib; path = ../../../../../../usr/local/lib/libopencv_video.2.4.11.dylib; sourceTree = "<group>"; };
		06E787481C103724009B0DFF /* libopencv_video.2.4.11.dylib */ = {isa = PBXFileReference; lastKnownFileType = "compiled.mach-o.dylib"; name = libopencv_video.2.4.11.dylib; path = ../../../../../../usr/local/lib/libopencv_video.2.4.11.dylib; sourceTree = "<group>"; };
		06E787491C103724009B0DFF /* libopencv_video.2.4.11.dylib */ = {isa = PBXFileReference; lastKnownFileType = "compiled.mach-o.dylib"; name = libopencv_video.2.4.11.dylib; path = ../../../../../../usr/local/lib/libopencv_video.2.4.11.dylib; sourceTree = "<group>"; };
		06E7874A1C103724009B0DFF /* libopencv_videostab.2.4.11.dylib */ = {isa = PBXFileReference; lastKnownFileType = "compiled.mach-o.dylib"; name = libopencv_videostab.2.4.11.dylib; path = ../../../../../../usr/local/lib/libopencv_videostab.2.4.11.dylib; sourceTree = "<group>"; };
		06E7874B1C103724009B0DFF /* libopencv_videostab.2.4.11.dylib */ = {isa = PBXFileReference; lastKnownFileType = "compiled.mach-o.dylib"; name = libopencv_videostab.2.4.11.dylib; path = ../../../../../../usr/local/lib/libopencv_videostab.2.4.11.dylib; sourceTree = "<group>"; };
		06E7874C1C103724009B0DFF /* libopencv_videostab.2.4.11.dylib */ = {isa = PBXFileReference; lastKnownFileType = "compiled.mach-o.dylib"; name = libopencv_videostab.2.4.11.dylib; path = ../../../../../../usr/local/lib/libopencv_videostab.2.4.11.dylib; sourceTree = "<group>"; };
/* End PBXFileReference section */

/* Begin PBXFrameworksBuildPhase section */
		063F30B11A3AE05B00A31AD6 /* Frameworks */ = {
			isa = PBXFrameworksBuildPhase;
			buildActionMask = 2147483647;
			files = (
				06E7874D1C103724009B0DFF /* libgdbm.4.dylib in Frameworks */,
				06E7874E1C103724009B0DFF /* libgdbm.a in Frameworks */,
				06E7874F1C103724009B0DFF /* libgdbm.4.dylib in Frameworks */,
				06E787501C103724009B0DFF /* libgmp.10.dylib in Frameworks */,
				06E787511C103724009B0DFF /* libgmp.a in Frameworks */,
				06E787521C103724009B0DFF /* libgmp.10.dylib in Frameworks */,
				06E787531C103724009B0DFF /* libgmpxx.4.dylib in Frameworks */,
				06E787541C103724009B0DFF /* libgmpxx.a in Frameworks */,
				06E787551C103724009B0DFF /* libgmpxx.4.dylib in Frameworks */,
				06E787561C103724009B0DFF /* libisl.13.dylib in Frameworks */,
				06E787571C103724009B0DFF /* libisl.a in Frameworks */,
				06E787581C103724009B0DFF /* libisl.13.dylib in Frameworks */,
				06E787591C103724009B0DFF /* liblzma.5.dylib in Frameworks */,
				06E7875A1C103724009B0DFF /* liblzma.a in Frameworks */,
				06E7875B1C103724009B0DFF /* liblzma.5.dylib in Frameworks */,
				06E7875C1C103724009B0DFF /* libmpc.3.dylib in Frameworks */,
				06E7875D1C103724009B0DFF /* libmpc.a in Frameworks */,
				06E7875E1C103724009B0DFF /* libmpc.3.dylib in Frameworks */,
				06E7875F1C103724009B0DFF /* libmpfr.4.dylib in Frameworks */,
				06E787601C103724009B0DFF /* libmpfr.a in Frameworks */,
				06E787611C103724009B0DFF /* libmpfr.4.dylib in Frameworks */,
				06E787621C103724009B0DFF /* libopencv_calib3d.2.4.11.dylib in Frameworks */,
				06E787631C103724009B0DFF /* libopencv_calib3d.2.4.11.dylib in Frameworks */,
				06E787641C103724009B0DFF /* libopencv_calib3d.2.4.11.dylib in Frameworks */,
				06E787651C103724009B0DFF /* libopencv_contrib.2.4.11.dylib in Frameworks */,
				06E787661C103724009B0DFF /* libopencv_contrib.2.4.11.dylib in Frameworks */,
				06E787671C103724009B0DFF /* libopencv_contrib.2.4.11.dylib in Frameworks */,
				06E787681C103724009B0DFF /* libopencv_core.2.4.11.dylib in Frameworks */,
				06E787691C103724009B0DFF /* libopencv_core.2.4.11.dylib in Frameworks */,
				06E7876A1C103724009B0DFF /* libopencv_core.2.4.11.dylib in Frameworks */,
				06E7876B1C103724009B0DFF /* libopencv_features2d.2.4.11.dylib in Frameworks */,
				06E7876C1C103724009B0DFF /* libopencv_features2d.2.4.11.dylib in Frameworks */,
				06E7876D1C103724009B0DFF /* libopencv_features2d.2.4.11.dylib in Frameworks */,
				06E7876E1C103724009B0DFF /* libopencv_flann.2.4.11.dylib in Frameworks */,
				06E7876F1C103724009B0DFF /* libopencv_flann.2.4.11.dylib in Frameworks */,
				06E787701C103724009B0DFF /* libopencv_flann.2.4.11.dylib in Frameworks */,
				06E787711C103724009B0DFF /* libopencv_gpu.2.4.11.dylib in Frameworks */,
				06E787721C103724009B0DFF /* libopencv_gpu.2.4.11.dylib in Frameworks */,
				06E787731C103724009B0DFF /* libopencv_gpu.2.4.11.dylib in Frameworks */,
				06E787741C103724009B0DFF /* libopencv_highgui.2.4.11.dylib in Frameworks */,
				06E787751C103724009B0DFF /* libopencv_highgui.2.4.11.dylib in Frameworks */,
				06E787761C103724009B0DFF /* libopencv_highgui.2.4.11.dylib in Frameworks */,
				06E787771C103724009B0DFF /* libopencv_imgproc.2.4.11.dylib in Frameworks */,
				06E787781C103724009B0DFF /* libopencv_imgproc.2.4.11.dylib in Frameworks */,
				06E787791C103724009B0DFF /* libopencv_imgproc.2.4.11.dylib in Frameworks */,
				06E7877A1C103724009B0DFF /* libopencv_legacy.2.4.11.dylib in Frameworks */,
				06E7877B1C103724009B0DFF /* libopencv_legacy.2.4.11.dylib in Frameworks */,
				06E7877C1C103724009B0DFF /* libopencv_legacy.2.4.11.dylib in Frameworks */,
				06E7877D1C103724009B0DFF /* libopencv_ml.2.4.11.dylib in Frameworks */,
				06E7877E1C103724009B0DFF /* libopencv_ml.2.4.11.dylib in Frameworks */,
				06E7877F1C103724009B0DFF /* libopencv_ml.2.4.11.dylib in Frameworks */,
				06E787801C103724009B0DFF /* libopencv_nonfree.2.4.11.dylib in Frameworks */,
				06E787811C103724009B0DFF /* libopencv_nonfree.2.4.11.dylib in Frameworks */,
				06E787821C103724009B0DFF /* libopencv_nonfree.2.4.11.dylib in Frameworks */,
				06E787831C103724009B0DFF /* libopencv_objdetect.2.4.11.dylib in Frameworks */,
				06E787841C103724009B0DFF /* libopencv_objdetect.2.4.11.dylib in Frameworks */,
				06E787851C103724009B0DFF /* libopencv_objdetect.2.4.11.dylib in Frameworks */,
				06E787861C103724009B0DFF /* libopencv_ocl.2.4.11.dylib in Frameworks */,
				06E787871C103724009B0DFF /* libopencv_ocl.2.4.11.dylib in Frameworks */,
				06E787881C103724009B0DFF /* libopencv_ocl.2.4.11.dylib in Frameworks */,
				06E787891C103724009B0DFF /* libopencv_photo.2.4.11.dylib in Frameworks */,
				06E7878A1C103724009B0DFF /* libopencv_photo.2.4.11.dylib in Frameworks */,
				06E7878B1C103724009B0DFF /* libopencv_photo.2.4.11.dylib in Frameworks */,
				06E7878C1C103724009B0DFF /* libopencv_stitching.2.4.11.dylib in Frameworks */,
				06E7878D1C103724009B0DFF /* libopencv_stitching.2.4.11.dylib in Frameworks */,
				06E7878E1C103724009B0DFF /* libopencv_stitching.2.4.11.dylib in Frameworks */,
				06E7878F1C103724009B0DFF /* libopencv_superres.2.4.11.dylib in Frameworks */,
				06E787901C103724009B0DFF /* libopencv_superres.2.4.11.dylib in Frameworks */,
				06E787911C103724009B0DFF /* libopencv_superres.2.4.11.dylib in Frameworks */,
				06E787921C103724009B0DFF /* libopencv_ts.a in Frameworks */,
				06E787931C103724009B0DFF /* libopencv_video.2.4.11.dylib in Frameworks */,
				06E787941C103724009B0DFF /* libopencv_video.2.4.11.dylib in Frameworks */,
				06E787951C103724009B0DFF /* libopencv_video.2.4.11.dylib in Frameworks */,
				06E787961C103724009B0DFF /* libopencv_videostab.2.4.11.dylib in Frameworks */,
				06E787971C103724009B0DFF /* libopencv_videostab.2.4.11.dylib in Frameworks */,
				06E787981C103724009B0DFF /* libopencv_videostab.2.4.11.dylib in Frameworks */,
				06E787001C103209009B0DFF /* libpugixml.a in Frameworks */,
			);
			runOnlyForDeploymentPostprocessing = 0;
		};
/* End PBXFrameworksBuildPhase section */

/* Begin PBXGroup section */
		063F30AB1A3AE05B00A31AD6 = {
			isa = PBXGroup;
			children = (
				06E787011C103724009B0DFF /* libgdbm.4.dylib */,
				06E787021C103724009B0DFF /* libgdbm.a */,
				06E787031C103724009B0DFF /* libgdbm.4.dylib */,
				06E787041C103724009B0DFF /* libgmp.10.dylib */,
				06E787051C103724009B0DFF /* libgmp.a */,
				06E787061C103724009B0DFF /* libgmp.10.dylib */,
				06E787071C103724009B0DFF /* libgmpxx.4.dylib */,
				06E787081C103724009B0DFF /* libgmpxx.a */,
				06E787091C103724009B0DFF /* libgmpxx.4.dylib */,
				06E7870A1C103724009B0DFF /* libisl.13.dylib */,
				06E7870B1C103724009B0DFF /* libisl.a */,
				06E7870C1C103724009B0DFF /* libisl.13.dylib */,
				06E7870D1C103724009B0DFF /* liblzma.5.dylib */,
				06E7870E1C103724009B0DFF /* liblzma.a */,
				06E7870F1C103724009B0DFF /* liblzma.5.dylib */,
				06E787101C103724009B0DFF /* libmpc.3.dylib */,
				06E787111C103724009B0DFF /* libmpc.a */,
				06E787121C103724009B0DFF /* libmpc.3.dylib */,
				06E787131C103724009B0DFF /* libmpfr.4.dylib */,
				06E787141C103724009B0DFF /* libmpfr.a */,
				06E787151C103724009B0DFF /* libmpfr.4.dylib */,
				06E787161C103724009B0DFF /* libopencv_calib3d.2.4.11.dylib */,
				06E787171C103724009B0DFF /* libopencv_calib3d.2.4.11.dylib */,
				06E787181C103724009B0DFF /* libopencv_calib3d.2.4.11.dylib */,
				06E787191C103724009B0DFF /* libopencv_contrib.2.4.11.dylib */,
				06E7871A1C103724009B0DFF /* libopencv_contrib.2.4.11.dylib */,
				06E7871B1C103724009B0DFF /* libopencv_contrib.2.4.11.dylib */,
				06E7871C1C103724009B0DFF /* libopencv_core.2.4.11.dylib */,
				06E7871D1C103724009B0DFF /* libopencv_core.2.4.11.dylib */,
				06E7871E1C103724009B0DFF /* libopencv_core.2.4.11.dylib */,
				06E7871F1C103724009B0DFF /* libopencv_features2d.2.4.11.dylib */,
				06E787201C103724009B0DFF /* libopencv_features2d.2.4.11.dylib */,
				06E787211C103724009B0DFF /* libopencv_features2d.2.4.11.dylib */,
				06E787221C103724009B0DFF /* libopencv_flann.2.4.11.dylib */,
				06E787231C103724009B0DFF /* libopencv_flann.2.4.11.dylib */,
				06E787241C103724009B0DFF /* libopencv_flann.2.4.11.dylib */,
				06E787251C103724009B0DFF /* libopencv_gpu.2.4.11.dylib */,
				06E787261C103724009B0DFF /* libopencv_gpu.2.4.11.dylib */,
				06E787271C103724009B0DFF /* libopencv_gpu.2.4.11.dylib */,
				06E787281C103724009B0DFF /* libopencv_highgui.2.4.11.dylib */,
				06E787291C103724009B0DFF /* libopencv_highgui.2.4.11.dylib */,
				06E7872A1C103724009B0DFF /* libopencv_highgui.2.4.11.dylib */,
				06E7872B1C103724009B0DFF /* libopencv_imgproc.2.4.11.dylib */,
				06E7872C1C103724009B0DFF /* libopencv_imgproc.2.4.11.dylib */,
				06E7872D1C103724009B0DFF /* libopencv_imgproc.2.4.11.dylib */,
				06E7872E1C103724009B0DFF /* libopencv_legacy.2.4.11.dylib */,
				06E7872F1C103724009B0DFF /* libopencv_legacy.2.4.11.dylib */,
				06E787301C103724009B0DFF /* libopencv_legacy.2.4.11.dylib */,
				06E787311C103724009B0DFF /* libopencv_ml.2.4.11.dylib */,
				06E787321C103724009B0DFF /* libopencv_ml.2.4.11.dylib */,
				06E787331C103724009B0DFF /* libopencv_ml.2.4.11.dylib */,
				06E787341C103724009B0DFF /* libopencv_nonfree.2.4.11.dylib */,
				06E787351C103724009B0DFF /* libopencv_nonfree.2.4.11.dylib */,
				06E787361C103724009B0DFF /* libopencv_nonfree.2.4.11.dylib */,
				06E787371C103724009B0DFF /* libopencv_objdetect.2.4.11.dylib */,
				06E787381C103724009B0DFF /* libopencv_objdetect.2.4.11.dylib */,
				06E787391C103724009B0DFF /* libopencv_objdetect.2.4.11.dylib */,
				06E7873A1C103724009B0DFF /* libopencv_ocl.2.4.11.dylib */,
				06E7873B1C103724009B0DFF /* libopencv_ocl.2.4.11.dylib */,
				06E7873C1C103724009B0DFF /* libopencv_ocl.2.4.11.dylib */,
				06E7873D1C103724009B0DFF /* libopencv_photo.2.4.11.dylib */,
				06E7873E1C103724009B0DFF /* libopencv_photo.2.4.11.dylib */,
				06E7873F1C103724009B0DFF /* libopencv_photo.2.4.11.dylib */,
				06E787401C103724009B0DFF /* libopencv_stitching.2.4.11.dylib */,
				06E787411C103724009B0DFF /* libopencv_stitching.2.4.11.dylib */,
				06E787421C103724009B0DFF /* libopencv_stitching.2.4.11.dylib */,
				06E787431C103724009B0DFF /* libopencv_superres.2.4.11.dylib */,
				06E787441C103724009B0DFF /* libopencv_superres.2.4.11.dylib */,
				06E787451C103724009B0DFF /* libopencv_superres.2.4.11.dylib */,
				06E787461C103724009B0DFF /* libopencv_ts.a */,
				06E787471C103724009B0DFF /* libopencv_video.2.4.11.dylib */,
				06E787481C103724009B0DFF /* libopencv_video.2.4.11.dylib */,
				06E787491C103724009B0DFF /* libopencv_video.2.4.11.dylib */,
				06E7874A1C103724009B0DFF /* libopencv_videostab.2.4.11.dylib */,
				06E7874B1C103724009B0DFF /* libopencv_videostab.2.4.11.dylib */,
				06E7874C1C103724009B0DFF /* libopencv_videostab.2.4.11.dylib */,
				06E786FF1C103209009B0DFF /* libpugixml.a */,
				063F30B61A3AE05B00A31AD6 /* Playground */,
				063F30B51A3AE05B00A31AD6 /* Products */,
			);
			sourceTree = "<group>";
		};
		063F30B51A3AE05B00A31AD6 /* Products */ = {
			isa = PBXGroup;
			children = (
				063F30B41A3AE05B00A31AD6 /* Playground */,
			);
			name = Products;
			sourceTree = "<group>";
		};
		063F30B61A3AE05B00A31AD6 /* Playground */ = {
			isa = PBXGroup;
			children = (
				063F30B71A3AE05B00A31AD6 /* main.cpp */,
			);
			path = Playground;
			sourceTree = "<group>";
		};
/* End PBXGroup section */

/* Begin PBXNativeTarget section */
		063F30B31A3AE05B00A31AD6 /* Playground */ = {
			isa = PBXNativeTarget;
			buildConfigurationList = 063F30BB1A3AE05B00A31AD6 /* Build configuration list for PBXNativeTarget "Playground" */;
			buildPhases = (
				063F30B01A3AE05B00A31AD6 /* Sources */,
				063F30B11A3AE05B00A31AD6 /* Frameworks */,
				063F30B21A3AE05B00A31AD6 /* CopyFiles */,
			);
			buildRules = (
			);
			dependencies = (
			);
			name = Playground;
			productName = Playground;
			productReference = 063F30B41A3AE05B00A31AD6 /* Playground */;
			productType = "com.apple.product-type.tool";
		};
/* End PBXNativeTarget section */

/* Begin PBXProject section */
		063F30AC1A3AE05B00A31AD6 /* Project object */ = {
			isa = PBXProject;
			attributes = {
				LastUpgradeCheck = 0700;
				ORGANIZATIONNAME = "曹景辰";
				TargetAttributes = {
					063F30B31A3AE05B00A31AD6 = {
						CreatedOnToolsVersion = 6.1;
					};
				};
			};
			buildConfigurationList = 063F30AF1A3AE05B00A31AD6 /* Build configuration list for PBXProject "Playground" */;
			compatibilityVersion = "Xcode 3.2";
			developmentRegion = English;
			hasScannedForEncodings = 0;
			knownRegions = (
				en,
			);
			mainGroup = 063F30AB1A3AE05B00A31AD6;
			productRefGroup = 063F30B51A3AE05B00A31AD6 /* Products */;
			projectDirPath = "";
			projectRoot = "";
			targets = (
				063F30B31A3AE05B00A31AD6 /* Playground */,
			);
		};
/* End PBXProject section */

/* Begin PBXSourcesBuildPhase section */
		063F30B01A3AE05B00A31AD6 /* Sources */ = {
			isa = PBXSourcesBuildPhase;
			buildActionMask = 2147483647;
			files = (
				063F30B81A3AE05B00A31AD6 /* main.cpp in Sources */,
			);
			runOnlyForDeploymentPostprocessing = 0;
		};
/* End PBXSourcesBuildPhase section */

/* Begin XCBuildConfiguration section */
		063F30B91A3AE05B00A31AD6 /* Debug */ = {
			isa = XCBuildConfiguration;
			buildSettings = {
				ALWAYS_SEARCH_USER_PATHS = NO;
				CLANG_CXX_LANGUAGE_STANDARD = "gnu++0x";
				CLANG_CXX_LIBRARY = "libc++";
				CLANG_ENABLE_MODULES = YES;
				CLANG_ENABLE_OBJC_ARC = YES;
				CLANG_WARN_BOOL_CONVERSION = YES;
				CLANG_WARN_CONSTANT_CONVERSION = YES;
				CLANG_WARN_DIRECT_OBJC_ISA_USAGE = YES_ERROR;
				CLANG_WARN_EMPTY_BODY = YES;
				CLANG_WARN_ENUM_CONVERSION = YES;
				CLANG_WARN_INT_CONVERSION = YES;
				CLANG_WARN_OBJC_ROOT_CLASS = YES_ERROR;
				CLANG_WARN_UNREACHABLE_CODE = YES;
				CLANG_WARN__DUPLICATE_METHOD_MATCH = YES;
				COPY_PHASE_STRIP = NO;
				ENABLE_STRICT_OBJC_MSGSEND = YES;
				ENABLE_TESTABILITY = YES;
				GCC_C_LANGUAGE_STANDARD = gnu99;
				GCC_DYNAMIC_NO_PIC = NO;
				GCC_OPTIMIZATION_LEVEL = 0;
				GCC_PREPROCESSOR_DEFINITIONS = (
					"DEBUG=1",
					"$(inherited)",
				);
				GCC_SYMBOLS_PRIVATE_EXTERN = NO;
				GCC_WARN_64_TO_32_BIT_CONVERSION = YES;
				GCC_WARN_ABOUT_RETURN_TYPE = YES_ERROR;
				GCC_WARN_UNDECLARED_SELECTOR = YES;
				GCC_WARN_UNINITIALIZED_AUTOS = YES_AGGRESSIVE;
				GCC_WARN_UNUSED_FUNCTION = YES;
				GCC_WARN_UNUSED_VARIABLE = YES;
				MACOSX_DEPLOYMENT_TARGET = 10.10;
				MTL_ENABLE_DEBUG_INFO = YES;
				ONLY_ACTIVE_ARCH = YES;
				SDKROOT = macosx;
			};
			name = Debug;
		};
		063F30BA1A3AE05B00A31AD6 /* Release */ = {
			isa = XCBuildConfiguration;
			buildSettings = {
				ALWAYS_SEARCH_USER_PATHS = NO;
				CLANG_CXX_LANGUAGE_STANDARD = "gnu++0x";
				CLANG_CXX_LIBRARY = "libc++";
				CLANG_ENABLE_MODULES = YES;
				CLANG_ENABLE_OBJC_ARC = YES;
				CLANG_WARN_BOOL_CONVERSION = YES;
				CLANG_WARN_CONSTANT_CONVERSION = YES;
				CLANG_WARN_DIRECT_OBJC_ISA_USAGE = YES_ERROR;
				CLANG_WARN_EMPTY_BODY = YES;
				CLANG_WARN_ENUM_CONVERSION = YES;
				CLANG_WARN_INT_CONVERSION = YES;
				CLANG_WARN_OBJC_ROOT_CLASS = YES_ERROR;
				CLANG_WARN_UNREACHABLE_CODE = YES;
				CLANG_WARN__DUPLICATE_METHOD_MATCH = YES;
				COPY_PHASE_STRIP = YES;
				DEBUG_INFORMATION_FORMAT = "dwarf-with-dsym";
				ENABLE_NS_ASSERTIONS = NO;
				ENABLE_STRICT_OBJC_MSGSEND = YES;
				GCC_C_LANGUAGE_STANDARD = gnu99;
				GCC_WARN_64_TO_32_BIT_CONVERSION = YES;
				GCC_WARN_ABOUT_RETURN_TYPE = YES_ERROR;
				GCC_WARN_UNDECLARED_SELECTOR = YES;
				GCC_WARN_UNINITIALIZED_AUTOS = YES_AGGRESSIVE;
				GCC_WARN_UNUSED_FUNCTION = YES;
				GCC_WARN_UNUSED_VARIABLE = YES;
				MACOSX_DEPLOYMENT_TARGET = 10.10;
				MTL_ENABLE_DEBUG_INFO = NO;
				SDKROOT = macosx;
			};
			name = Release;
		};
		063F30BC1A3AE05B00A31AD6 /* Debug */ = {
			isa = XCBuildConfiguration;
			buildSettings = {
				HEADER_SEARCH_PATHS = /usr/local/include;
				LIBRARY_SEARCH_PATHS = (
					/usr/local/lib,
					/usr/local/Cellar/pugixml/1.6/lib,
					/usr/local/Cellar/gdbm/1.11/lib,
					/usr/local/Cellar/gmp/6.1.0/lib,
					/usr/local/Cellar/isl/0.14.1/lib,
					/usr/local/Cellar/xz/5.2.2/lib,
					/usr/local/Cellar/libmpc/1.0.3/lib,
					/usr/local/Cellar/mpfr/3.1.3/lib,
				);
				PRODUCT_NAME = "$(TARGET_NAME)";
			};
			name = Debug;
		};
		063F30BD1A3AE05B00A31AD6 /* Release */ = {
			isa = XCBuildConfiguration;
			buildSettings = {
				HEADER_SEARCH_PATHS = /usr/local/include;
				LIBRARY_SEARCH_PATHS = (
					/usr/local/lib,
					/usr/local/Cellar/pugixml/1.6/lib,
					/usr/local/Cellar/gdbm/1.11/lib,
					/usr/local/Cellar/gmp/6.1.0/lib,
					/usr/local/Cellar/isl/0.14.1/lib,
					/usr/local/Cellar/xz/5.2.2/lib,
					/usr/local/Cellar/libmpc/1.0.3/lib,
					/usr/local/Cellar/mpfr/3.1.3/lib,
				);
				PRODUCT_NAME = "$(TARGET_NAME)";
			};
			name = Release;
		};
/* End XCBuildConfiguration section */

/* Begin XCConfigurationList section */
		063F30AF1A3AE05B00A31AD6 /* Build configuration list for PBXProject "Playground" */ = {
			isa = XCConfigurationList;
			buildConfigurations = (
				063F30B91A3AE05B00A31AD6 /* Debug */,
				063F30BA1A3AE05B00A31AD6 /* Release */,
			);
			defaultConfigurationIsVisible = 0;
			defaultConfigurationName = Release;
		};
		063F30BB1A3AE05B00A31AD6 /* Build configuration list for PBXNativeTarget "Playground" */ = {
			isa = XCConfigurationList;
			buildConfigurations = (
				063F30BC1A3AE05B00A31AD6 /* Debug */,
				063F30BD1A3AE05B00A31AD6 /* Release */,
			);
			defaultConfigurationIsVisible = 0;
			defaultConfigurationName = Release;
		};
/* End XCConfigurationList section */
	};
	rootObject = 063F30AC1A3AE05B00A31AD6 /* Project object */;
}
